// !$*UTF8*$!
{
	archiveVersion = 1;
	classes = {
	};
	objectVersion = 55;
	objects = {

/* Begin PBXBuildFile section */
		18B5575429680438007AB3DB /* yt_firebaseApp.swift in Sources */ = {isa = PBXBuildFile; fileRef = 18B5575329680438007AB3DB /* yt_firebaseApp.swift */; };
		18B5575629680438007AB3DB /* ContentView.swift in Sources */ = {isa = PBXBuildFile; fileRef = 18B5575529680438007AB3DB /* ContentView.swift */; };
		18B5575829680439007AB3DB /* Assets.xcassets in Resources */ = {isa = PBXBuildFile; fileRef = 18B5575729680439007AB3DB /* Assets.xcassets */; };
		18B5575B29680439007AB3DB /* Preview Assets.xcassets in Resources */ = {isa = PBXBuildFile; fileRef = 18B5575A29680439007AB3DB /* Preview Assets.xcassets */; };
		18B5576529680439007AB3DB /* yt_firebaseTests.swift in Sources */ = {isa = PBXBuildFile; fileRef = 18B5576429680439007AB3DB /* yt_firebaseTests.swift */; };
		18B5576F29680439007AB3DB /* yt_firebaseUITests.swift in Sources */ = {isa = PBXBuildFile; fileRef = 18B5576E29680439007AB3DB /* yt_firebaseUITests.swift */; };
		18B5577129680439007AB3DB /* yt_firebaseUITestsLaunchTests.swift in Sources */ = {isa = PBXBuildFile; fileRef = 18B5577029680439007AB3DB /* yt_firebaseUITestsLaunchTests.swift */; };
		18B5577E29680B76007AB3DB /* GoogleService-Info.plist in Resources */ = {isa = PBXBuildFile; fileRef = 18B5577D29680B76007AB3DB /* GoogleService-Info.plist */; };
		18B5578129680C00007AB3DB /* FirebaseAnalytics in Frameworks */ = {isa = PBXBuildFile; productRef = 18B5578029680C00007AB3DB /* FirebaseAnalytics */; };
		18B5578329680C00007AB3DB /* FirebaseAnalyticsOnDeviceConversion in Frameworks */ = {isa = PBXBuildFile; productRef = 18B5578229680C00007AB3DB /* FirebaseAnalyticsOnDeviceConversion */; };
		18B5578529680C00007AB3DB /* FirebaseAnalyticsSwift in Frameworks */ = {isa = PBXBuildFile; productRef = 18B5578429680C00007AB3DB /* FirebaseAnalyticsSwift */; };
		18B5578729680C00007AB3DB /* FirebaseAnalyticsWithoutAdIdSupport in Frameworks */ = {isa = PBXBuildFile; productRef = 18B5578629680C00007AB3DB /* FirebaseAnalyticsWithoutAdIdSupport */; };
		18B5578929680C00007AB3DB /* FirebaseAppCheck in Frameworks */ = {isa = PBXBuildFile; productRef = 18B5578829680C00007AB3DB /* FirebaseAppCheck */; };
		18B5578B29680C00007AB3DB /* FirebaseAppDistribution-Beta in Frameworks */ = {isa = PBXBuildFile; productRef = 18B5578A29680C00007AB3DB /* FirebaseAppDistribution-Beta */; };
		18B5578D29680C00007AB3DB /* FirebaseAuth in Frameworks */ = {isa = PBXBuildFile; productRef = 18B5578C29680C00007AB3DB /* FirebaseAuth */; };
		18B5578F29680C00007AB3DB /* FirebaseAuthCombine-Community in Frameworks */ = {isa = PBXBuildFile; productRef = 18B5578E29680C00007AB3DB /* FirebaseAuthCombine-Community */; };
		18B5579129680C00007AB3DB /* FirebaseCrashlytics in Frameworks */ = {isa = PBXBuildFile; productRef = 18B5579029680C00007AB3DB /* FirebaseCrashlytics */; };
		18B5579329680C00007AB3DB /* FirebaseDatabase in Frameworks */ = {isa = PBXBuildFile; productRef = 18B5579229680C00007AB3DB /* FirebaseDatabase */; };
		18B5579529680C00007AB3DB /* FirebaseDatabaseSwift in Frameworks */ = {isa = PBXBuildFile; productRef = 18B5579429680C00007AB3DB /* FirebaseDatabaseSwift */; };
		18B5579729680C00007AB3DB /* FirebaseDynamicLinks in Frameworks */ = {isa = PBXBuildFile; productRef = 18B5579629680C00007AB3DB /* FirebaseDynamicLinks */; };
		18B5579929680C00007AB3DB /* FirebaseFirestore in Frameworks */ = {isa = PBXBuildFile; productRef = 18B5579829680C00007AB3DB /* FirebaseFirestore */; };
		18B5579B29680C00007AB3DB /* FirebaseFirestoreCombine-Community in Frameworks */ = {isa = PBXBuildFile; productRef = 18B5579A29680C00007AB3DB /* FirebaseFirestoreCombine-Community */; };
		18B5579D29680C00007AB3DB /* FirebaseFirestoreSwift in Frameworks */ = {isa = PBXBuildFile; productRef = 18B5579C29680C00007AB3DB /* FirebaseFirestoreSwift */; };
		18B5579F29680C00007AB3DB /* FirebaseFunctions in Frameworks */ = {isa = PBXBuildFile; productRef = 18B5579E29680C00007AB3DB /* FirebaseFunctions */; };
		18B557A129680C00007AB3DB /* FirebaseFunctionsCombine-Community in Frameworks */ = {isa = PBXBuildFile; productRef = 18B557A029680C00007AB3DB /* FirebaseFunctionsCombine-Community */; };
		18B557A329680C00007AB3DB /* FirebaseInAppMessaging-Beta in Frameworks */ = {isa = PBXBuildFile; productRef = 18B557A229680C00007AB3DB /* FirebaseInAppMessaging-Beta */; };
		18B557A529680C00007AB3DB /* FirebaseInAppMessagingSwift-Beta in Frameworks */ = {isa = PBXBuildFile; productRef = 18B557A429680C00007AB3DB /* FirebaseInAppMessagingSwift-Beta */; };
		18B557A729680C00007AB3DB /* FirebaseInstallations in Frameworks */ = {isa = PBXBuildFile; productRef = 18B557A629680C00007AB3DB /* FirebaseInstallations */; };
		18B557A929680C00007AB3DB /* FirebaseMLModelDownloader in Frameworks */ = {isa = PBXBuildFile; productRef = 18B557A829680C00007AB3DB /* FirebaseMLModelDownloader */; };
		18B557AB29680C00007AB3DB /* FirebaseMessaging in Frameworks */ = {isa = PBXBuildFile; productRef = 18B557AA29680C00007AB3DB /* FirebaseMessaging */; };
		18B557AD29680C00007AB3DB /* FirebasePerformance in Frameworks */ = {isa = PBXBuildFile; productRef = 18B557AC29680C00007AB3DB /* FirebasePerformance */; };
		18B557AF29680C00007AB3DB /* FirebaseRemoteConfig in Frameworks */ = {isa = PBXBuildFile; productRef = 18B557AE29680C00007AB3DB /* FirebaseRemoteConfig */; };
		18B557B129680C00007AB3DB /* FirebaseRemoteConfigSwift in Frameworks */ = {isa = PBXBuildFile; productRef = 18B557B029680C00007AB3DB /* FirebaseRemoteConfigSwift */; };
		18B557B329680C00007AB3DB /* FirebaseStorage in Frameworks */ = {isa = PBXBuildFile; productRef = 18B557B229680C00007AB3DB /* FirebaseStorage */; };
		18B557B529680C00007AB3DB /* FirebaseStorageCombine-Community in Frameworks */ = {isa = PBXBuildFile; productRef = 18B557B429680C00007AB3DB /* FirebaseStorageCombine-Community */; };
		18B557B729680C1B007AB3DB /* FirebaseHelper.swift in Sources */ = {isa = PBXBuildFile; fileRef = 18B557B629680C1B007AB3DB /* FirebaseHelper.swift */; };
/* End PBXBuildFile section */

/* Begin PBXContainerItemProxy section */
		18B5576129680439007AB3DB /* PBXContainerItemProxy */ = {
			isa = PBXContainerItemProxy;
			containerPortal = 18B5574829680438007AB3DB /* Project object */;
			proxyType = 1;
			remoteGlobalIDString = 18B5574F29680438007AB3DB;
			remoteInfo = "yt-firebase";
		};
		18B5576B29680439007AB3DB /* PBXContainerItemProxy */ = {
			isa = PBXContainerItemProxy;
			containerPortal = 18B5574829680438007AB3DB /* Project object */;
			proxyType = 1;
			remoteGlobalIDString = 18B5574F29680438007AB3DB;
			remoteInfo = "yt-firebase";
		};
/* End PBXContainerItemProxy section */

/* Begin PBXFileReference section */
		18B5575029680438007AB3DB /* yt-firebase.app */ = {isa = PBXFileReference; explicitFileType = wrapper.application; includeInIndex = 0; path = "yt-firebase.app"; sourceTree = BUILT_PRODUCTS_DIR; };
		18B5575329680438007AB3DB /* yt_firebaseApp.swift */ = {isa = PBXFileReference; lastKnownFileType = sourcecode.swift; path = yt_firebaseApp.swift; sourceTree = "<group>"; };
		18B5575529680438007AB3DB /* ContentView.swift */ = {isa = PBXFileReference; lastKnownFileType = sourcecode.swift; path = ContentView.swift; sourceTree = "<group>"; };
		18B5575729680439007AB3DB /* Assets.xcassets */ = {isa = PBXFileReference; lastKnownFileType = folder.assetcatalog; path = Assets.xcassets; sourceTree = "<group>"; };
		18B5575A29680439007AB3DB /* Preview Assets.xcassets */ = {isa = PBXFileReference; lastKnownFileType = folder.assetcatalog; path = "Preview Assets.xcassets"; sourceTree = "<group>"; };
		18B5576029680439007AB3DB /* yt-firebaseTests.xctest */ = {isa = PBXFileReference; explicitFileType = wrapper.cfbundle; includeInIndex = 0; path = "yt-firebaseTests.xctest"; sourceTree = BUILT_PRODUCTS_DIR; };
		18B5576429680439007AB3DB /* yt_firebaseTests.swift */ = {isa = PBXFileReference; lastKnownFileType = sourcecode.swift; path = yt_firebaseTests.swift; sourceTree = "<group>"; };
		18B5576A29680439007AB3DB /* yt-firebaseUITests.xctest */ = {isa = PBXFileReference; explicitFileType = wrapper.cfbundle; includeInIndex = 0; path = "yt-firebaseUITests.xctest"; sourceTree = BUILT_PRODUCTS_DIR; };
		18B5576E29680439007AB3DB /* yt_firebaseUITests.swift */ = {isa = PBXFileReference; lastKnownFileType = sourcecode.swift; path = yt_firebaseUITests.swift; sourceTree = "<group>"; };
		18B5577029680439007AB3DB /* yt_firebaseUITestsLaunchTests.swift */ = {isa = PBXFileReference; lastKnownFileType = sourcecode.swift; path = yt_firebaseUITestsLaunchTests.swift; sourceTree = "<group>"; };
		18B5577D29680B76007AB3DB /* GoogleService-Info.plist */ = {isa = PBXFileReference; fileEncoding = 4; lastKnownFileType = text.plist.xml; path = "GoogleService-Info.plist"; sourceTree = "<group>"; };
		18B557B629680C1B007AB3DB /* FirebaseHelper.swift */ = {isa = PBXFileReference; lastKnownFileType = sourcecode.swift; path = FirebaseHelper.swift; sourceTree = "<group>"; };
/* End PBXFileReference section */

/* Begin PBXFrameworksBuildPhase section */
		18B5574D29680438007AB3DB /* Frameworks */ = {
			isa = PBXFrameworksBuildPhase;
			buildActionMask = 2147483647;
			files = (
				18B5579329680C00007AB3DB /* FirebaseDatabase in Frameworks */,
				18B557A129680C00007AB3DB /* FirebaseFunctionsCombine-Community in Frameworks */,
				18B5579929680C00007AB3DB /* FirebaseFirestore in Frameworks */,
				18B5578529680C00007AB3DB /* FirebaseAnalyticsSwift in Frameworks */,
				18B5578129680C00007AB3DB /* FirebaseAnalytics in Frameworks */,
				18B5578329680C00007AB3DB /* FirebaseAnalyticsOnDeviceConversion in Frameworks */,
				18B557A929680C00007AB3DB /* FirebaseMLModelDownloader in Frameworks */,
				18B5579D29680C00007AB3DB /* FirebaseFirestoreSwift in Frameworks */,
				18B5578929680C00007AB3DB /* FirebaseAppCheck in Frameworks */,
				18B5578729680C00007AB3DB /* FirebaseAnalyticsWithoutAdIdSupport in Frameworks */,
				18B5578D29680C00007AB3DB /* FirebaseAuth in Frameworks */,
				18B5579129680C00007AB3DB /* FirebaseCrashlytics in Frameworks */,
				18B557B129680C00007AB3DB /* FirebaseRemoteConfigSwift in Frameworks */,
				18B557A329680C00007AB3DB /* FirebaseInAppMessaging-Beta in Frameworks */,
				18B5579529680C00007AB3DB /* FirebaseDatabaseSwift in Frameworks */,
				18B5579F29680C00007AB3DB /* FirebaseFunctions in Frameworks */,
				18B557B529680C00007AB3DB /* FirebaseStorageCombine-Community in Frameworks */,
				18B557AF29680C00007AB3DB /* FirebaseRemoteConfig in Frameworks */,
				18B5578B29680C00007AB3DB /* FirebaseAppDistribution-Beta in Frameworks */,
				18B5578F29680C00007AB3DB /* FirebaseAuthCombine-Community in Frameworks */,
				18B557AD29680C00007AB3DB /* FirebasePerformance in Frameworks */,
				18B557A529680C00007AB3DB /* FirebaseInAppMessagingSwift-Beta in Frameworks */,
				18B557B329680C00007AB3DB /* FirebaseStorage in Frameworks */,
				18B5579729680C00007AB3DB /* FirebaseDynamicLinks in Frameworks */,
				18B5579B29680C00007AB3DB /* FirebaseFirestoreCombine-Community in Frameworks */,
				18B557AB29680C00007AB3DB /* FirebaseMessaging in Frameworks */,
				18B557A729680C00007AB3DB /* FirebaseInstallations in Frameworks */,
			);
			runOnlyForDeploymentPostprocessing = 0;
		};
		18B5575D29680439007AB3DB /* Frameworks */ = {
			isa = PBXFrameworksBuildPhase;
			buildActionMask = 2147483647;
			files = (
			);
			runOnlyForDeploymentPostprocessing = 0;
		};
		18B5576729680439007AB3DB /* Frameworks */ = {
			isa = PBXFrameworksBuildPhase;
			buildActionMask = 2147483647;
			files = (
			);
			runOnlyForDeploymentPostprocessing = 0;
		};
/* End PBXFrameworksBuildPhase section */

/* Begin PBXGroup section */
		18B5574729680438007AB3DB = {
			isa = PBXGroup;
			children = (
				18B5575229680438007AB3DB /* yt-firebase */,
				18B5576329680439007AB3DB /* yt-firebaseTests */,
				18B5576D29680439007AB3DB /* yt-firebaseUITests */,
				18B5575129680438007AB3DB /* Products */,
			);
			sourceTree = "<group>";
		};
		18B5575129680438007AB3DB /* Products */ = {
			isa = PBXGroup;
			children = (
				18B5575029680438007AB3DB /* yt-firebase.app */,
				18B5576029680439007AB3DB /* yt-firebaseTests.xctest */,
				18B5576A29680439007AB3DB /* yt-firebaseUITests.xctest */,
			);
			name = Products;
			sourceTree = "<group>";
		};
		18B5575229680438007AB3DB /* yt-firebase */ = {
			isa = PBXGroup;
			children = (
				18B5577D29680B76007AB3DB /* GoogleService-Info.plist */,
				18B5575329680438007AB3DB /* yt_firebaseApp.swift */,
				18B5575529680438007AB3DB /* ContentView.swift */,
				18B5575729680439007AB3DB /* Assets.xcassets */,
				18B5575929680439007AB3DB /* Preview Content */,
				18B557B629680C1B007AB3DB /* FirebaseHelper.swift */,
			);
			path = "yt-firebase";
			sourceTree = "<group>";
		};
		18B5575929680439007AB3DB /* Preview Content */ = {
			isa = PBXGroup;
			children = (
				18B5575A29680439007AB3DB /* Preview Assets.xcassets */,
			);
			path = "Preview Content";
			sourceTree = "<group>";
		};
		18B5576329680439007AB3DB /* yt-firebaseTests */ = {
			isa = PBXGroup;
			children = (
				18B5576429680439007AB3DB /* yt_firebaseTests.swift */,
			);
			path = "yt-firebaseTests";
			sourceTree = "<group>";
		};
		18B5576D29680439007AB3DB /* yt-firebaseUITests */ = {
			isa = PBXGroup;
			children = (
				18B5576E29680439007AB3DB /* yt_firebaseUITests.swift */,
				18B5577029680439007AB3DB /* yt_firebaseUITestsLaunchTests.swift */,
			);
			path = "yt-firebaseUITests";
			sourceTree = "<group>";
		};
/* End PBXGroup section */

/* Begin PBXNativeTarget section */
		18B5574F29680438007AB3DB /* yt-firebase */ = {
			isa = PBXNativeTarget;
			buildConfigurationList = 18B5577429680439007AB3DB /* Build configuration list for PBXNativeTarget "yt-firebase" */;
			buildPhases = (
				18B5574C29680438007AB3DB /* Sources */,
				18B5574D29680438007AB3DB /* Frameworks */,
				18B5574E29680438007AB3DB /* Resources */,
			);
			buildRules = (
			);
			dependencies = (
			);
			name = "yt-firebase";
			packageProductDependencies = (
				18B5578029680C00007AB3DB /* FirebaseAnalytics */,
				18B5578229680C00007AB3DB /* FirebaseAnalyticsOnDeviceConversion */,
				18B5578429680C00007AB3DB /* FirebaseAnalyticsSwift */,
				18B5578629680C00007AB3DB /* FirebaseAnalyticsWithoutAdIdSupport */,
				18B5578829680C00007AB3DB /* FirebaseAppCheck */,
				18B5578A29680C00007AB3DB /* FirebaseAppDistribution-Beta */,
				18B5578C29680C00007AB3DB /* FirebaseAuth */,
				18B5578E29680C00007AB3DB /* FirebaseAuthCombine-Community */,
				18B5579029680C00007AB3DB /* FirebaseCrashlytics */,
				18B5579229680C00007AB3DB /* FirebaseDatabase */,
				18B5579429680C00007AB3DB /* FirebaseDatabaseSwift */,
				18B5579629680C00007AB3DB /* FirebaseDynamicLinks */,
				18B5579829680C00007AB3DB /* FirebaseFirestore */,
				18B5579A29680C00007AB3DB /* FirebaseFirestoreCombine-Community */,
				18B5579C29680C00007AB3DB /* FirebaseFirestoreSwift */,
				18B5579E29680C00007AB3DB /* FirebaseFunctions */,
				18B557A029680C00007AB3DB /* FirebaseFunctionsCombine-Community */,
				18B557A229680C00007AB3DB /* FirebaseInAppMessaging-Beta */,
				18B557A429680C00007AB3DB /* FirebaseInAppMessagingSwift-Beta */,
				18B557A629680C00007AB3DB /* FirebaseInstallations */,
				18B557A829680C00007AB3DB /* FirebaseMLModelDownloader */,
				18B557AA29680C00007AB3DB /* FirebaseMessaging */,
				18B557AC29680C00007AB3DB /* FirebasePerformance */,
				18B557AE29680C00007AB3DB /* FirebaseRemoteConfig */,
				18B557B029680C00007AB3DB /* FirebaseRemoteConfigSwift */,
				18B557B229680C00007AB3DB /* FirebaseStorage */,
				18B557B429680C00007AB3DB /* FirebaseStorageCombine-Community */,
			);
			productName = "yt-firebase";
			productReference = 18B5575029680438007AB3DB /* yt-firebase.app */;
			productType = "com.apple.product-type.application";
		};
		18B5575F29680439007AB3DB /* yt-firebaseTests */ = {
			isa = PBXNativeTarget;
			buildConfigurationList = 18B5577729680439007AB3DB /* Build configuration list for PBXNativeTarget "yt-firebaseTests" */;
			buildPhases = (
				18B5575C29680439007AB3DB /* Sources */,
				18B5575D29680439007AB3DB /* Frameworks */,
				18B5575E29680439007AB3DB /* Resources */,
			);
			buildRules = (
			);
			dependencies = (
				18B5576229680439007AB3DB /* PBXTargetDependency */,
			);
			name = "yt-firebaseTests";
			productName = "yt-firebaseTests";
			productReference = 18B5576029680439007AB3DB /* yt-firebaseTests.xctest */;
			productType = "com.apple.product-type.bundle.unit-test";
		};
		18B5576929680439007AB3DB /* yt-firebaseUITests */ = {
			isa = PBXNativeTarget;
			buildConfigurationList = 18B5577A29680439007AB3DB /* Build configuration list for PBXNativeTarget "yt-firebaseUITests" */;
			buildPhases = (
				18B5576629680439007AB3DB /* Sources */,
				18B5576729680439007AB3DB /* Frameworks */,
				18B5576829680439007AB3DB /* Resources */,
			);
			buildRules = (
			);
			dependencies = (
				18B5576C29680439007AB3DB /* PBXTargetDependency */,
			);
			name = "yt-firebaseUITests";
			productName = "yt-firebaseUITests";
			productReference = 18B5576A29680439007AB3DB /* yt-firebaseUITests.xctest */;
			productType = "com.apple.product-type.bundle.ui-testing";
		};
/* End PBXNativeTarget section */

/* Begin PBXProject section */
		18B5574829680438007AB3DB /* Project object */ = {
			isa = PBXProject;
			attributes = {
				BuildIndependentTargetsInParallel = 1;
				LastSwiftUpdateCheck = 1340;
				LastUpgradeCheck = 1340;
				TargetAttributes = {
					18B5574F29680438007AB3DB = {
						CreatedOnToolsVersion = 13.4.1;
					};
					18B5575F29680439007AB3DB = {
						CreatedOnToolsVersion = 13.4.1;
						TestTargetID = 18B5574F29680438007AB3DB;
					};
					18B5576929680439007AB3DB = {
						CreatedOnToolsVersion = 13.4.1;
						TestTargetID = 18B5574F29680438007AB3DB;
					};
				};
			};
			buildConfigurationList = 18B5574B29680438007AB3DB /* Build configuration list for PBXProject "yt-firebase" */;
			compatibilityVersion = "Xcode 13.0";
			developmentRegion = en;
			hasScannedForEncodings = 0;
			knownRegions = (
				en,
				Base,
			);
			mainGroup = 18B5574729680438007AB3DB;
			packageReferences = (
				18B5577F29680C00007AB3DB /* XCRemoteSwiftPackageReference "firebase-ios-sdk" */,
			);
			productRefGroup = 18B5575129680438007AB3DB /* Products */;
			projectDirPath = "";
			projectRoot = "";
			targets = (
				18B5574F29680438007AB3DB /* yt-firebase */,
				18B5575F29680439007AB3DB /* yt-firebaseTests */,
				18B5576929680439007AB3DB /* yt-firebaseUITests */,
			);
		};
/* End PBXProject section */

/* Begin PBXResourcesBuildPhase section */
		18B5574E29680438007AB3DB /* Resources */ = {
			isa = PBXResourcesBuildPhase;
			buildActionMask = 2147483647;
			files = (
				18B5575B29680439007AB3DB /* Preview Assets.xcassets in Resources */,
				18B5575829680439007AB3DB /* Assets.xcassets in Resources */,
				18B5577E29680B76007AB3DB /* GoogleService-Info.plist in Resources */,
			);
			runOnlyForDeploymentPostprocessing = 0;
		};
		18B5575E29680439007AB3DB /* Resources */ = {
			isa = PBXResourcesBuildPhase;
			buildActionMask = 2147483647;
			files = (
			);
			runOnlyForDeploymentPostprocessing = 0;
		};
		18B5576829680439007AB3DB /* Resources */ = {
			isa = PBXResourcesBuildPhase;
			buildActionMask = 2147483647;
			files = (
			);
			runOnlyForDeploymentPostprocessing = 0;
		};
/* End PBXResourcesBuildPhase section */

/* Begin PBXSourcesBuildPhase section */
		18B5574C29680438007AB3DB /* Sources */ = {
			isa = PBXSourcesBuildPhase;
			buildActionMask = 2147483647;
			files = (
				18B5575629680438007AB3DB /* ContentView.swift in Sources */,
				18B557B729680C1B007AB3DB /* FirebaseHelper.swift in Sources */,
				18B5575429680438007AB3DB /* yt_firebaseApp.swift in Sources */,
			);
			runOnlyForDeploymentPostprocessing = 0;
		};
		18B5575C29680439007AB3DB /* Sources */ = {
			isa = PBXSourcesBuildPhase;
			buildActionMask = 2147483647;
			files = (
				18B5576529680439007AB3DB /* yt_firebaseTests.swift in Sources */,
			);
			runOnlyForDeploymentPostprocessing = 0;
		};
		18B5576629680439007AB3DB /* Sources */ = {
			isa = PBXSourcesBuildPhase;
			buildActionMask = 2147483647;
			files = (
				18B5577129680439007AB3DB /* yt_firebaseUITestsLaunchTests.swift in Sources */,
				18B5576F29680439007AB3DB /* yt_firebaseUITests.swift in Sources */,
			);
			runOnlyForDeploymentPostprocessing = 0;
		};
/* End PBXSourcesBuildPhase section */

/* Begin PBXTargetDependency section */
		18B5576229680439007AB3DB /* PBXTargetDependency */ = {
			isa = PBXTargetDependency;
			target = 18B5574F29680438007AB3DB /* yt-firebase */;
			targetProxy = 18B5576129680439007AB3DB /* PBXContainerItemProxy */;
		};
		18B5576C29680439007AB3DB /* PBXTargetDependency */ = {
			isa = PBXTargetDependency;
			target = 18B5574F29680438007AB3DB /* yt-firebase */;
			targetProxy = 18B5576B29680439007AB3DB /* PBXContainerItemProxy */;
		};
/* End PBXTargetDependency section */

/* Begin XCBuildConfiguration section */
		18B5577229680439007AB3DB /* Debug */ = {
			isa = XCBuildConfiguration;
			buildSettings = {
				ALWAYS_SEARCH_USER_PATHS = NO;
				CLANG_ANALYZER_NONNULL = YES;
				CLANG_ANALYZER_NUMBER_OBJECT_CONVERSION = YES_AGGRESSIVE;
				CLANG_CXX_LANGUAGE_STANDARD = "gnu++17";
				CLANG_ENABLE_MODULES = YES;
				CLANG_ENABLE_OBJC_ARC = YES;
				CLANG_ENABLE_OBJC_WEAK = YES;
				CLANG_WARN_BLOCK_CAPTURE_AUTORELEASING = YES;
				CLANG_WARN_BOOL_CONVERSION = YES;
				CLANG_WARN_COMMA = YES;
				CLANG_WARN_CONSTANT_CONVERSION = YES;
				CLANG_WARN_DEPRECATED_OBJC_IMPLEMENTATIONS = YES;
				CLANG_WARN_DIRECT_OBJC_ISA_USAGE = YES_ERROR;
				CLANG_WARN_DOCUMENTATION_COMMENTS = YES;
				CLANG_WARN_EMPTY_BODY = YES;
				CLANG_WARN_ENUM_CONVERSION = YES;
				CLANG_WARN_INFINITE_RECURSION = YES;
				CLANG_WARN_INT_CONVERSION = YES;
				CLANG_WARN_NON_LITERAL_NULL_CONVERSION = YES;
				CLANG_WARN_OBJC_IMPLICIT_RETAIN_SELF = YES;
				CLANG_WARN_OBJC_LITERAL_CONVERSION = YES;
				CLANG_WARN_OBJC_ROOT_CLASS = YES_ERROR;
				CLANG_WARN_QUOTED_INCLUDE_IN_FRAMEWORK_HEADER = YES;
				CLANG_WARN_RANGE_LOOP_ANALYSIS = YES;
				CLANG_WARN_STRICT_PROTOTYPES = YES;
				CLANG_WARN_SUSPICIOUS_MOVE = YES;
				CLANG_WARN_UNGUARDED_AVAILABILITY = YES_AGGRESSIVE;
				CLANG_WARN_UNREACHABLE_CODE = YES;
				CLANG_WARN__DUPLICATE_METHOD_MATCH = YES;
				COPY_PHASE_STRIP = NO;
				DEBUG_INFORMATION_FORMAT = dwarf;
				ENABLE_STRICT_OBJC_MSGSEND = YES;
				ENABLE_TESTABILITY = YES;
				GCC_C_LANGUAGE_STANDARD = gnu11;
				GCC_DYNAMIC_NO_PIC = NO;
				GCC_NO_COMMON_BLOCKS = YES;
				GCC_OPTIMIZATION_LEVEL = 0;
				GCC_PREPROCESSOR_DEFINITIONS = (
					"DEBUG=1",
					"$(inherited)",
				);
				GCC_WARN_64_TO_32_BIT_CONVERSION = YES;
				GCC_WARN_ABOUT_RETURN_TYPE = YES_ERROR;
				GCC_WARN_UNDECLARED_SELECTOR = YES;
				GCC_WARN_UNINITIALIZED_AUTOS = YES_AGGRESSIVE;
				GCC_WARN_UNUSED_FUNCTION = YES;
				GCC_WARN_UNUSED_VARIABLE = YES;
				IPHONEOS_DEPLOYMENT_TARGET = 15.5;
				MTL_ENABLE_DEBUG_INFO = INCLUDE_SOURCE;
				MTL_FAST_MATH = YES;
				ONLY_ACTIVE_ARCH = YES;
				SDKROOT = iphoneos;
				SWIFT_ACTIVE_COMPILATION_CONDITIONS = DEBUG;
				SWIFT_OPTIMIZATION_LEVEL = "-Onone";
			};
			name = Debug;
		};
		18B5577329680439007AB3DB /* Release */ = {
			isa = XCBuildConfiguration;
			buildSettings = {
				ALWAYS_SEARCH_USER_PATHS = NO;
				CLANG_ANALYZER_NONNULL = YES;
				CLANG_ANALYZER_NUMBER_OBJECT_CONVERSION = YES_AGGRESSIVE;
				CLANG_CXX_LANGUAGE_STANDARD = "gnu++17";
				CLANG_ENABLE_MODULES = YES;
				CLANG_ENABLE_OBJC_ARC = YES;
				CLANG_ENABLE_OBJC_WEAK = YES;
				CLANG_WARN_BLOCK_CAPTURE_AUTORELEASING = YES;
				CLANG_WARN_BOOL_CONVERSION = YES;
				CLANG_WARN_COMMA = YES;
				CLANG_WARN_CONSTANT_CONVERSION = YES;
				CLANG_WARN_DEPRECATED_OBJC_IMPLEMENTATIONS = YES;
				CLANG_WARN_DIRECT_OBJC_ISA_USAGE = YES_ERROR;
				CLANG_WARN_DOCUMENTATION_COMMENTS = YES;
				CLANG_WARN_EMPTY_BODY = YES;
				CLANG_WARN_ENUM_CONVERSION = YES;
				CLANG_WARN_INFINITE_RECURSION = YES;
				CLANG_WARN_INT_CONVERSION = YES;
				CLANG_WARN_NON_LITERAL_NULL_CONVERSION = YES;
				CLANG_WARN_OBJC_IMPLICIT_RETAIN_SELF = YES;
				CLANG_WARN_OBJC_LITERAL_CONVERSION = YES;
				CLANG_WARN_OBJC_ROOT_CLASS = YES_ERROR;
				CLANG_WARN_QUOTED_INCLUDE_IN_FRAMEWORK_HEADER = YES;
				CLANG_WARN_RANGE_LOOP_ANALYSIS = YES;
				CLANG_WARN_STRICT_PROTOTYPES = YES;
				CLANG_WARN_SUSPICIOUS_MOVE = YES;
				CLANG_WARN_UNGUARDED_AVAILABILITY = YES_AGGRESSIVE;
				CLANG_WARN_UNREACHABLE_CODE = YES;
				CLANG_WARN__DUPLICATE_METHOD_MATCH = YES;
				COPY_PHASE_STRIP = NO;
				DEBUG_INFORMATION_FORMAT = "dwarf-with-dsym";
				ENABLE_NS_ASSERTIONS = NO;
				ENABLE_STRICT_OBJC_MSGSEND = YES;
				GCC_C_LANGUAGE_STANDARD = gnu11;
				GCC_NO_COMMON_BLOCKS = YES;
				GCC_WARN_64_TO_32_BIT_CONVERSION = YES;
				GCC_WARN_ABOUT_RETURN_TYPE = YES_ERROR;
				GCC_WARN_UNDECLARED_SELECTOR = YES;
				GCC_WARN_UNINITIALIZED_AUTOS = YES_AGGRESSIVE;
				GCC_WARN_UNUSED_FUNCTION = YES;
				GCC_WARN_UNUSED_VARIABLE = YES;
				IPHONEOS_DEPLOYMENT_TARGET = 15.5;
				MTL_ENABLE_DEBUG_INFO = NO;
				MTL_FAST_MATH = YES;
				SDKROOT = iphoneos;
				SWIFT_COMPILATION_MODE = wholemodule;
				SWIFT_OPTIMIZATION_LEVEL = "-O";
				VALIDATE_PRODUCT = YES;
			};
			name = Release;
		};
		18B5577529680439007AB3DB /* Debug */ = {
			isa = XCBuildConfiguration;
			buildSettings = {
				ASSETCATALOG_COMPILER_APPICON_NAME = AppIcon;
				ASSETCATALOG_COMPILER_GLOBAL_ACCENT_COLOR_NAME = AccentColor;
				CODE_SIGN_STYLE = Automatic;
				CURRENT_PROJECT_VERSION = 1;
				DEVELOPMENT_ASSET_PATHS = "\"yt-firebase/Preview Content\"";
				ENABLE_PREVIEWS = YES;
				GENERATE_INFOPLIST_FILE = YES;
				INFOPLIST_KEY_UIApplicationSceneManifest_Generation = YES;
				INFOPLIST_KEY_UIApplicationSupportsIndirectInputEvents = YES;
				INFOPLIST_KEY_UILaunchScreen_Generation = YES;
				INFOPLIST_KEY_UISupportedInterfaceOrientations_iPad = "UIInterfaceOrientationPortrait UIInterfaceOrientationPortraitUpsideDown UIInterfaceOrientationLandscapeLeft UIInterfaceOrientationLandscapeRight";
				INFOPLIST_KEY_UISupportedInterfaceOrientations_iPhone = "UIInterfaceOrientationPortrait UIInterfaceOrientationLandscapeLeft UIInterfaceOrientationLandscapeRight";
				LD_RUNPATH_SEARCH_PATHS = (
					"$(inherited)",
					"@executable_path/Frameworks",
				);
				MARKETING_VERSION = 1.0;
				PRODUCT_BUNDLE_IDENTIFIER = "manojsm.yt-firebase";
				PRODUCT_NAME = "$(TARGET_NAME)";
				SWIFT_EMIT_LOC_STRINGS = YES;
				SWIFT_VERSION = 5.0;
				TARGETED_DEVICE_FAMILY = "1,2";
			};
			name = Debug;
		};
		18B5577629680439007AB3DB /* Release */ = {
			isa = XCBuildConfiguration;
			buildSettings = {
				ASSETCATALOG_COMPILER_APPICON_NAME = AppIcon;
				ASSETCATALOG_COMPILER_GLOBAL_ACCENT_COLOR_NAME = AccentColor;
				CODE_SIGN_STYLE = Automatic;
				CURRENT_PROJECT_VERSION = 1;
				DEVELOPMENT_ASSET_PATHS = "\"yt-firebase/Preview Content\"";
				ENABLE_PREVIEWS = YES;
				GENERATE_INFOPLIST_FILE = YES;
				INFOPLIST_KEY_UIApplicationSceneManifest_Generation = YES;
				INFOPLIST_KEY_UIApplicationSupportsIndirectInputEvents = YES;
				INFOPLIST_KEY_UILaunchScreen_Generation = YES;
				INFOPLIST_KEY_UISupportedInterfaceOrientations_iPad = "UIInterfaceOrientationPortrait UIInterfaceOrientationPortraitUpsideDown UIInterfaceOrientationLandscapeLeft UIInterfaceOrientationLandscapeRight";
				INFOPLIST_KEY_UISupportedInterfaceOrientations_iPhone = "UIInterfaceOrientationPortrait UIInterfaceOrientationLandscapeLeft UIInterfaceOrientationLandscapeRight";
				LD_RUNPATH_SEARCH_PATHS = (
					"$(inherited)",
					"@executable_path/Frameworks",
				);
				MARKETING_VERSION = 1.0;
				PRODUCT_BUNDLE_IDENTIFIER = "manojsm.yt-firebase";
				PRODUCT_NAME = "$(TARGET_NAME)";
				SWIFT_EMIT_LOC_STRINGS = YES;
				SWIFT_VERSION = 5.0;
				TARGETED_DEVICE_FAMILY = "1,2";
			};
			name = Release;
		};
		18B5577829680439007AB3DB /* Debug */ = {
			isa = XCBuildConfiguration;
			buildSettings = {
				ALWAYS_EMBED_SWIFT_STANDARD_LIBRARIES = YES;
				BUNDLE_LOADER = "$(TEST_HOST)";
				CODE_SIGN_STYLE = Automatic;
				CURRENT_PROJECT_VERSION = 1;
				GENERATE_INFOPLIST_FILE = YES;
				IPHONEOS_DEPLOYMENT_TARGET = 15.5;
				MARKETING_VERSION = 1.0;
				PRODUCT_BUNDLE_IDENTIFIER = "manojsm.yt-firebaseTests";
				PRODUCT_NAME = "$(TARGET_NAME)";
				SWIFT_EMIT_LOC_STRINGS = NO;
				SWIFT_VERSION = 5.0;
				TARGETED_DEVICE_FAMILY = "1,2";
				TEST_HOST = "$(BUILT_PRODUCTS_DIR)/yt-firebase.app/yt-firebase";
			};
			name = Debug;
		};
		18B5577929680439007AB3DB /* Release */ = {
			isa = XCBuildConfiguration;
			buildSettings = {
				ALWAYS_EMBED_SWIFT_STANDARD_LIBRARIES = YES;
				BUNDLE_LOADER = "$(TEST_HOST)";
				CODE_SIGN_STYLE = Automatic;
				CURRENT_PROJECT_VERSION = 1;
				GENERATE_INFOPLIST_FILE = YES;
				IPHONEOS_DEPLOYMENT_TARGET = 15.5;
				MARKETING_VERSION = 1.0;
				PRODUCT_BUNDLE_IDENTIFIER = "manojsm.yt-firebaseTests";
				PRODUCT_NAME = "$(TARGET_NAME)";
				SWIFT_EMIT_LOC_STRINGS = NO;
				SWIFT_VERSION = 5.0;
				TARGETED_DEVICE_FAMILY = "1,2";
				TEST_HOST = "$(BUILT_PRODUCTS_DIR)/yt-firebase.app/yt-firebase";
			};
			name = Release;
		};
		18B5577B29680439007AB3DB /* Debug */ = {
			isa = XCBuildConfiguration;
			buildSettings = {
				ALWAYS_EMBED_SWIFT_STANDARD_LIBRARIES = YES;
				CODE_SIGN_STYLE = Automatic;
				CURRENT_PROJECT_VERSION = 1;
				GENERATE_INFOPLIST_FILE = YES;
				MARKETING_VERSION = 1.0;
				PRODUCT_BUNDLE_IDENTIFIER = "manojsm.yt-firebaseUITests";
				PRODUCT_NAME = "$(TARGET_NAME)";
				SWIFT_EMIT_LOC_STRINGS = NO;
				SWIFT_VERSION = 5.0;
				TARGETED_DEVICE_FAMILY = "1,2";
				TEST_TARGET_NAME = "yt-firebase";
			};
			name = Debug;
		};
		18B5577C29680439007AB3DB /* Release */ = {
			isa = XCBuildConfiguration;
			buildSettings = {
				ALWAYS_EMBED_SWIFT_STANDARD_LIBRARIES = YES;
				CODE_SIGN_STYLE = Automatic;
				CURRENT_PROJECT_VERSION = 1;
				GENERATE_INFOPLIST_FILE = YES;
				MARKETING_VERSION = 1.0;
				PRODUCT_BUNDLE_IDENTIFIER = "manojsm.yt-firebaseUITests";
				PRODUCT_NAME = "$(TARGET_NAME)";
				SWIFT_EMIT_LOC_STRINGS = NO;
				SWIFT_VERSION = 5.0;
				TARGETED_DEVICE_FAMILY = "1,2";
				TEST_TARGET_NAME = "yt-firebase";
			};
			name = Release;
		};
/* End XCBuildConfiguration section */

/* Begin XCConfigurationList section */
		18B5574B29680438007AB3DB /* Build configuration list for PBXProject "yt-firebase" */ = {
			isa = XCConfigurationList;
			buildConfigurations = (
				18B5577229680439007AB3DB /* Debug */,
				18B5577329680439007AB3DB /* Release */,
			);
			defaultConfigurationIsVisible = 0;
			defaultConfigurationName = Release;
		};
		18B5577429680439007AB3DB /* Build configuration list for PBXNativeTarget "yt-firebase" */ = {
			isa = XCConfigurationList;
			buildConfigurations = (
				18B5577529680439007AB3DB /* Debug */,
				18B5577629680439007AB3DB /* Release */,
			);
			defaultConfigurationIsVisible = 0;
			defaultConfigurationName = Release;
		};
		18B5577729680439007AB3DB /* Build configuration list for PBXNativeTarget "yt-firebaseTests" */ = {
			isa = XCConfigurationList;
			buildConfigurations = (
				18B5577829680439007AB3DB /* Debug */,
				18B5577929680439007AB3DB /* Release */,
			);
			defaultConfigurationIsVisible = 0;
			defaultConfigurationName = Release;
		};
		18B5577A29680439007AB3DB /* Build configuration list for PBXNativeTarget "yt-firebaseUITests" */ = {
			isa = XCConfigurationList;
			buildConfigurations = (
				18B5577B29680439007AB3DB /* Debug */,
				18B5577C29680439007AB3DB /* Release */,
			);
			defaultConfigurationIsVisible = 0;
			defaultConfigurationName = Release;
		};
/* End XCConfigurationList section */

/* Begin XCRemoteSwiftPackageReference section */
		18B5577F29680C00007AB3DB /* XCRemoteSwiftPackageReference "firebase-ios-sdk" */ = {
			isa = XCRemoteSwiftPackageReference;
			repositoryURL = "https://github.com/firebase/firebase-ios-sdk";
			requirement = {
				kind = upToNextMajorVersion;
				minimumVersion = 9.0.0;
			};
		};
/* End XCRemoteSwiftPackageReference section */

/* Begin XCSwiftPackageProductDependency section */
		18B5578029680C00007AB3DB /* FirebaseAnalytics */ = {
			isa = XCSwiftPackageProductDependency;
			package = 18B5577F29680C00007AB3DB /* XCRemoteSwiftPackageReference "firebase-ios-sdk" */;
			productName = FirebaseAnalytics;
		};
		18B5578229680C00007AB3DB /* FirebaseAnalyticsOnDeviceConversion */ = {
			isa = XCSwiftPackageProductDependency;
			package = 18B5577F29680C00007AB3DB /* XCRemoteSwiftPackageReference "firebase-ios-sdk" */;
			productName = FirebaseAnalyticsOnDeviceConversion;
		};
		18B5578429680C00007AB3DB /* FirebaseAnalyticsSwift */ = {
			isa = XCSwiftPackageProductDependency;
			package = 18B5577F29680C00007AB3DB /* XCRemoteSwiftPackageReference "firebase-ios-sdk" */;
			productName = FirebaseAnalyticsSwift;
		};
		18B5578629680C00007AB3DB /* FirebaseAnalyticsWithoutAdIdSupport */ = {
			isa = XCSwiftPackageProductDependency;
			package = 18B5577F29680C00007AB3DB /* XCRemoteSwiftPackageReference "firebase-ios-sdk" */;
			productName = FirebaseAnalyticsWithoutAdIdSupport;
		};
		18B5578829680C00007AB3DB /* FirebaseAppCheck */ = {
			isa = XCSwiftPackageProductDependency;
			package = 18B5577F29680C00007AB3DB /* XCRemoteSwiftPackageReference "firebase-ios-sdk" */;
			productName = FirebaseAppCheck;
		};
		18B5578A29680C00007AB3DB /* FirebaseAppDistribution-Beta */ = {
			isa = XCSwiftPackageProductDependency;
			package = 18B5577F29680C00007AB3DB /* XCRemoteSwiftPackageReference "firebase-ios-sdk" */;
			productName = "FirebaseAppDistribution-Beta";
		};
		18B5578C29680C00007AB3DB /* FirebaseAuth */ = {
			isa = XCSwiftPackageProductDependency;
			package = 18B5577F29680C00007AB3DB /* XCRemoteSwiftPackageReference "firebase-ios-sdk" */;
			productName = FirebaseAuth;
		};
		18B5578E29680C00007AB3DB /* FirebaseAuthCombine-Community */ = {
			isa = XCSwiftPackageProductDependency;
			package = 18B5577F29680C00007AB3DB /* XCRemoteSwiftPackageReference "firebase-ios-sdk" */;
			productName = "FirebaseAuthCombine-Community";
		};
		18B5579029680C00007AB3DB /* FirebaseCrashlytics */ = {
			isa = XCSwiftPackageProductDependency;
			package = 18B5577F29680C00007AB3DB /* XCRemoteSwiftPackageReference "firebase-ios-sdk" */;
			productName = FirebaseCrashlytics;
		};
		18B5579229680C00007AB3DB /* FirebaseDatabase */ = {
			isa = XCSwiftPackageProductDependency;
			package = 18B5577F29680C00007AB3DB /* XCRemoteSwiftPackageReference "firebase-ios-sdk" */;
			productName = FirebaseDatabase;
		};
		18B5579429680C00007AB3DB /* FirebaseDatabaseSwift */ = {
			isa = XCSwiftPackageProductDependency;
			package = 18B5577F29680C00007AB3DB /* XCRemoteSwiftPackageReference "firebase-ios-sdk" */;
			productName = FirebaseDatabaseSwift;
		};
		18B5579629680C00007AB3DB /* FirebaseDynamicLinks */ = {
			isa = XCSwiftPackageProductDependency;
			package = 18B5577F29680C00007AB3DB /* XCRemoteSwiftPackageReference "firebase-ios-sdk" */;
			productName = FirebaseDynamicLinks;
		};
		18B5579829680C00007AB3DB /* FirebaseFirestore */ = {
			isa = XCSwiftPackageProductDependency;
			package = 18B5577F29680C00007AB3DB /* XCRemoteSwiftPackageReference "firebase-ios-sdk" */;
			productName = FirebaseFirestore;
		};
		18B5579A29680C00007AB3DB /* FirebaseFirestoreCombine-Community */ = {
			isa = XCSwiftPackageProductDependency;
			package = 18B5577F29680C00007AB3DB /* XCRemoteSwiftPackageReference "firebase-ios-sdk" */;
			productName = "FirebaseFirestoreCombine-Community";
		};
		18B5579C29680C00007AB3DB /* FirebaseFirestoreSwift */ = {
			isa = XCSwiftPackageProductDependency;
			package = 18B5577F29680C00007AB3DB /* XCRemoteSwiftPackageReference "firebase-ios-sdk" */;
			productName = FirebaseFirestoreSwift;
		};
		18B5579E29680C00007AB3DB /* FirebaseFunctions */ = {
			isa = XCSwiftPackageProductDependency;
			package = 18B5577F29680C00007AB3DB /* XCRemoteSwiftPackageReference "firebase-ios-sdk" */;
			productName = FirebaseFunctions;
		};
		18B557A029680C00007AB3DB /* FirebaseFunctionsCombine-Community */ = {
			isa = XCSwiftPackageProductDependency;
			package = 18B5577F29680C00007AB3DB /* XCRemoteSwiftPackageReference "firebase-ios-sdk" */;
			productName = "FirebaseFunctionsCombine-Community";
		};
		18B557A229680C00007AB3DB /* FirebaseInAppMessaging-Beta */ = {
			isa = XCSwiftPackageProductDependency;
			package = 18B5577F29680C00007AB3DB /* XCRemoteSwiftPackageReference "firebase-ios-sdk" */;
			productName = "FirebaseInAppMessaging-Beta";
		};
		18B557A429680C00007AB3DB /* FirebaseInAppMessagingSwift-Beta */ = {
			isa = XCSwiftPackageProductDependency;
			package = 18B5577F29680C00007AB3DB /* XCRemoteSwiftPackageReference "firebase-ios-sdk" */;
			productName = "FirebaseInAppMessagingSwift-Beta";
		};
		18B557A629680C00007AB3DB /* FirebaseInstallations */ = {
			isa = XCSwiftPackageProductDependency;
			package = 18B5577F29680C00007AB3DB /* XCRemoteSwiftPackageReference "firebase-ios-sdk" */;
			productName = FirebaseInstallations;
		};
		18B557A829680C00007AB3DB /* FirebaseMLModelDownloader */ = {
			isa = XCSwiftPackageProductDependency;
			package = 18B5577F29680C00007AB3DB /* XCRemoteSwiftPackageReference "firebase-ios-sdk" */;
			productName = FirebaseMLModelDownloader;
		};
		18B557AA29680C00007AB3DB /* FirebaseMessaging */ = {
			isa = XCSwiftPackageProductDependency;
			package = 18B5577F29680C00007AB3DB /* XCRemoteSwiftPackageReference "firebase-ios-sdk" */;
			productName = FirebaseMessaging;
		};
		18B557AC29680C00007AB3DB /* FirebasePerformance */ = {
			isa = XCSwiftPackageProductDependency;
			package = 18B5577F29680C00007AB3DB /* XCRemoteSwiftPackageReference "firebase-ios-sdk" */;
			productName = FirebasePerformance;
		};
		18B557AE29680C00007AB3DB /* FirebaseRemoteConfig */ = {
			isa = XCSwiftPackageProductDependency;
			package = 18B5577F29680C00007AB3DB /* XCRemoteSwiftPackageReference "firebase-ios-sdk" */;
			productName = FirebaseRemoteConfig;
		};
		18B557B029680C00007AB3DB /* FirebaseRemoteConfigSwift */ = {
			isa = XCSwiftPackageProductDependency;
			package = 18B5577F29680C00007AB3DB /* XCRemoteSwiftPackageReference "firebase-ios-sdk" */;
			productName = FirebaseRemoteConfigSwift;
		};
		18B557B229680C00007AB3DB /* FirebaseStorage */ = {
			isa = XCSwiftPackageProductDependency;
			package = 18B5577F29680C00007AB3DB /* XCRemoteSwiftPackageReference "firebase-ios-sdk" */;
			productName = FirebaseStorage;
		};
		18B557B429680C00007AB3DB /* FirebaseStorageCombine-Community */ = {
			isa = XCSwiftPackageProductDependency;
			package = 18B5577F29680C00007AB3DB /* XCRemoteSwiftPackageReference "firebase-ios-sdk" */;
			productName = "FirebaseStorageCombine-Community";
		};
/* End XCSwiftPackageProductDependency section */
	};
	rootObject = 18B5574829680438007AB3DB /* Project object */;
}
